
Microsoft Visual Studio Solution File, Format Version 12.00
# Visual Studio Version 17
VisualStudioVersion = 17.6.33815.320
MinimumVisualStudioVersion = 10.0.40219.1
Project("{FAE04EC0-301F-11D3-BF4B-00C04F79EFBC}") = "Bald's Basics Plus Extra Content", "Bald's Basics Plus Extra Content.csproj", "{B0E939DC-C3AC-4EEC-96F9-0BDDA5E3E63E}"
EndProject
Global
	GlobalSection(SolutionConfigurationPlatforms) = preSolution
		Debug|Any CPU = Debug|Any CPU
		Release|Any CPU = Release|Any CPU
	EndGlobalSection
	GlobalSection(ProjectConfigurationPlatforms) = postSolution
		{B0E939DC-C3AC-4EEC-96F9-0BDDA5E3E63E}.Debug|Any CPU.ActiveCfg = Debug|Any CPU
		{B0E939DC-C3AC-4EEC-96F9-0BDDA5E3E63E}.Debug|Any CPU.Build.0 = Debug|Any CPU
		{B0E939DC-C3AC-4EEC-96F9-0BDDA5E3E63E}.Release|Any CPU.ActiveCfg = Release|Any CPU
		{B0E939DC-C3AC-4EEC-96F9-0BDDA5E3E63E}.Release|Any CPU.Build.0 = Release|Any CPU
	EndGlobalSection
	GlobalSection(SolutionProperties) = preSolution
		HideSolutionNode = FALSE
	EndGlobalSection
	GlobalSection(ExtensibilityGlobals) = postSolution
		SolutionGuid = {67883221-C0BF-47DD-ACD7-80B60B9EFE72}
	EndGlobalSection
EndGlobal
